
Microsoft Visual Studio Solution File, Format Version 12.00
# Visual Studio 2012
Project("{FAE04EC0-301F-11D3-BF4B-00C04F79EFBC}") = "KinectStick", "KinectJoystick\KinectStick.csproj", "{5C94E14C-26C3-40D8-A82A-39B24B015441}"
EndProject
Project("{FAE04EC0-301F-11D3-BF4B-00C04F79EFBC}") = "vJoyWrapper", "vJoyWrapper\vJoyWrapper.csproj", "{D366023E-A379-4FDB-94CF-927084E6ECF7}"
EndProject
Project("{FAE04EC0-301F-11D3-BF4B-00C04F79EFBC}") = "InstructionEditor", "InstructionEditor\InstructionEditor.csproj", "{4AF164E7-8C4B-4CB8-AA8B-E66A6C01AC59}"
EndProject
Global
	GlobalSection(SolutionConfigurationPlatforms) = preSolution
		Debug|Any CPU = Debug|Any CPU
		Release|Any CPU = Release|Any CPU
	EndGlobalSection
	GlobalSection(ProjectConfigurationPlatforms) = postSolution
		{5C94E14C-26C3-40D8-A82A-39B24B015441}.Debug|Any CPU.ActiveCfg = Debug|Any CPU
		{5C94E14C-26C3-40D8-A82A-39B24B015441}.Debug|Any CPU.Build.0 = Debug|Any CPU
		{5C94E14C-26C3-40D8-A82A-39B24B015441}.Release|Any CPU.ActiveCfg = Release|Any CPU
		{5C94E14C-26C3-40D8-A82A-39B24B015441}.Release|Any CPU.Build.0 = Release|Any CPU
		{D366023E-A379-4FDB-94CF-927084E6ECF7}.Debug|Any CPU.ActiveCfg = Debug|Any CPU
		{D366023E-A379-4FDB-94CF-927084E6ECF7}.Debug|Any CPU.Build.0 = Debug|Any CPU
		{D366023E-A379-4FDB-94CF-927084E6ECF7}.Release|Any CPU.ActiveCfg = Release|Any CPU
		{D366023E-A379-4FDB-94CF-927084E6ECF7}.Release|Any CPU.Build.0 = Release|Any CPU
		{4AF164E7-8C4B-4CB8-AA8B-E66A6C01AC59}.Debug|Any CPU.ActiveCfg = Debug|Any CPU
		{4AF164E7-8C4B-4CB8-AA8B-E66A6C01AC59}.Debug|Any CPU.Build.0 = Debug|Any CPU
		{4AF164E7-8C4B-4CB8-AA8B-E66A6C01AC59}.Release|Any CPU.ActiveCfg = Release|Any CPU
		{4AF164E7-8C4B-4CB8-AA8B-E66A6C01AC59}.Release|Any CPU.Build.0 = Release|Any CPU
	EndGlobalSection
	GlobalSection(SolutionProperties) = preSolution
		HideSolutionNode = FALSE
	EndGlobalSection
EndGlobal
